
Microsoft Visual Studio Solution File, Format Version 12.00
# Visual Studio 14
VisualStudioVersion = 14.0.25420.1
MinimumVisualStudioVersion = 10.0.40219.1
Project("{FAE04EC0-301F-11D3-BF4B-00C04F79EFBC}") = "OneDo", "OneDo\OneDo.csproj", "{9B0EDF82-1F5F-439E-AA95-0BB12B716C5B}"
EndProject
Project("{FAE04EC0-301F-11D3-BF4B-00C04F79EFBC}") = "OneDo.Common", "OneDo.Common\OneDo.Common.csproj", "{BB75F101-EA41-4830-A0AB-D84DC2E3FBA3}"
EndProject
Project("{FAE04EC0-301F-11D3-BF4B-00C04F79EFBC}") = "OneDo.Domain", "OneDo.Domain\OneDo.Domain.csproj", "{DADB853B-CA2C-4E7D-9C2B-056BE93C0CDE}"
EndProject
Project("{FAE04EC0-301F-11D3-BF4B-00C04F79EFBC}") = "OneDo.Data", "OneDo.Data\OneDo.Data.csproj", "{1711DC0D-DD6B-4111-9EA3-90BB913C5DEF}"
EndProject
Project("{FAE04EC0-301F-11D3-BF4B-00C04F79EFBC}") = "OneDo.Application", "OneDo.Api\OneDo.Application.csproj", "{98ECB73F-A239-4073-8EE3-4F027FFD92C7}"
EndProject
Global
	GlobalSection(SolutionConfigurationPlatforms) = preSolution
		Debug|Any CPU = Debug|Any CPU
		Debug|ARM = Debug|ARM
		Debug|x64 = Debug|x64
		Debug|x86 = Debug|x86
		Release|Any CPU = Release|Any CPU
		Release|ARM = Release|ARM
		Release|x64 = Release|x64
		Release|x86 = Release|x86
	EndGlobalSection
	GlobalSection(ProjectConfigurationPlatforms) = postSolution
		{9B0EDF82-1F5F-439E-AA95-0BB12B716C5B}.Debug|Any CPU.ActiveCfg = Debug|x86
		{9B0EDF82-1F5F-439E-AA95-0BB12B716C5B}.Debug|Any CPU.Build.0 = Debug|x86
		{9B0EDF82-1F5F-439E-AA95-0BB12B716C5B}.Debug|Any CPU.Deploy.0 = Debug|x86
		{9B0EDF82-1F5F-439E-AA95-0BB12B716C5B}.Debug|ARM.ActiveCfg = Debug|ARM
		{9B0EDF82-1F5F-439E-AA95-0BB12B716C5B}.Debug|ARM.Build.0 = Debug|ARM
		{9B0EDF82-1F5F-439E-AA95-0BB12B716C5B}.Debug|ARM.Deploy.0 = Debug|ARM
		{9B0EDF82-1F5F-439E-AA95-0BB12B716C5B}.Debug|x64.ActiveCfg = Debug|x64
		{9B0EDF82-1F5F-439E-AA95-0BB12B716C5B}.Debug|x64.Build.0 = Debug|x64
		{9B0EDF82-1F5F-439E-AA95-0BB12B716C5B}.Debug|x64.Deploy.0 = Debug|x64
		{9B0EDF82-1F5F-439E-AA95-0BB12B716C5B}.Debug|x86.ActiveCfg = Debug|x86
		{9B0EDF82-1F5F-439E-AA95-0BB12B716C5B}.Debug|x86.Build.0 = Debug|x86
		{9B0EDF82-1F5F-439E-AA95-0BB12B716C5B}.Debug|x86.Deploy.0 = Debug|x86
		{9B0EDF82-1F5F-439E-AA95-0BB12B716C5B}.Release|Any CPU.ActiveCfg = Release|x86
		{9B0EDF82-1F5F-439E-AA95-0BB12B716C5B}.Release|Any CPU.Build.0 = Release|x86
		{9B0EDF82-1F5F-439E-AA95-0BB12B716C5B}.Release|Any CPU.Deploy.0 = Release|x86
		{9B0EDF82-1F5F-439E-AA95-0BB12B716C5B}.Release|ARM.ActiveCfg = Release|ARM
		{9B0EDF82-1F5F-439E-AA95-0BB12B716C5B}.Release|ARM.Build.0 = Release|ARM
		{9B0EDF82-1F5F-439E-AA95-0BB12B716C5B}.Release|ARM.Deploy.0 = Release|ARM
		{9B0EDF82-1F5F-439E-AA95-0BB12B716C5B}.Release|x64.ActiveCfg = Release|x64
		{9B0EDF82-1F5F-439E-AA95-0BB12B716C5B}.Release|x64.Build.0 = Release|x64
		{9B0EDF82-1F5F-439E-AA95-0BB12B716C5B}.Release|x64.Deploy.0 = Release|x64
		{9B0EDF82-1F5F-439E-AA95-0BB12B716C5B}.Release|x86.ActiveCfg = Release|x86
		{9B0EDF82-1F5F-439E-AA95-0BB12B716C5B}.Release|x86.Build.0 = Release|x86
		{9B0EDF82-1F5F-439E-AA95-0BB12B716C5B}.Release|x86.Deploy.0 = Release|x86
		{BB75F101-EA41-4830-A0AB-D84DC2E3FBA3}.Debug|Any CPU.ActiveCfg = Debug|Any CPU
		{BB75F101-EA41-4830-A0AB-D84DC2E3FBA3}.Debug|Any CPU.Build.0 = Debug|Any CPU
		{BB75F101-EA41-4830-A0AB-D84DC2E3FBA3}.Debug|ARM.ActiveCfg = Debug|ARM
		{BB75F101-EA41-4830-A0AB-D84DC2E3FBA3}.Debug|ARM.Build.0 = Debug|ARM
		{BB75F101-EA41-4830-A0AB-D84DC2E3FBA3}.Debug|x64.ActiveCfg = Debug|x64
		{BB75F101-EA41-4830-A0AB-D84DC2E3FBA3}.Debug|x64.Build.0 = Debug|x64
		{BB75F101-EA41-4830-A0AB-D84DC2E3FBA3}.Debug|x86.ActiveCfg = Debug|x86
		{BB75F101-EA41-4830-A0AB-D84DC2E3FBA3}.Debug|x86.Build.0 = Debug|x86
		{BB75F101-EA41-4830-A0AB-D84DC2E3FBA3}.Release|Any CPU.ActiveCfg = Release|Any CPU
		{BB75F101-EA41-4830-A0AB-D84DC2E3FBA3}.Release|Any CPU.Build.0 = Release|Any CPU
		{BB75F101-EA41-4830-A0AB-D84DC2E3FBA3}.Release|ARM.ActiveCfg = Release|ARM
		{BB75F101-EA41-4830-A0AB-D84DC2E3FBA3}.Release|ARM.Build.0 = Release|ARM
		{BB75F101-EA41-4830-A0AB-D84DC2E3FBA3}.Release|x64.ActiveCfg = Release|x64
		{BB75F101-EA41-4830-A0AB-D84DC2E3FBA3}.Release|x64.Build.0 = Release|x64
		{BB75F101-EA41-4830-A0AB-D84DC2E3FBA3}.Release|x86.ActiveCfg = Release|x86
		{BB75F101-EA41-4830-A0AB-D84DC2E3FBA3}.Release|x86.Build.0 = Release|x86
		{DADB853B-CA2C-4E7D-9C2B-056BE93C0CDE}.Debug|Any CPU.ActiveCfg = Debug|Any CPU
		{DADB853B-CA2C-4E7D-9C2B-056BE93C0CDE}.Debug|Any CPU.Build.0 = Debug|Any CPU
		{DADB853B-CA2C-4E7D-9C2B-056BE93C0CDE}.Debug|ARM.ActiveCfg = Debug|ARM
		{DADB853B-CA2C-4E7D-9C2B-056BE93C0CDE}.Debug|ARM.Build.0 = Debug|ARM
		{DADB853B-CA2C-4E7D-9C2B-056BE93C0CDE}.Debug|x64.ActiveCfg = Debug|x64
		{DADB853B-CA2C-4E7D-9C2B-056BE93C0CDE}.Debug|x64.Build.0 = Debug|x64
		{DADB853B-CA2C-4E7D-9C2B-056BE93C0CDE}.Debug|x86.ActiveCfg = Debug|x86
		{DADB853B-CA2C-4E7D-9C2B-056BE93C0CDE}.Debug|x86.Build.0 = Debug|x86
		{DADB853B-CA2C-4E7D-9C2B-056BE93C0CDE}.Release|Any CPU.ActiveCfg = Release|Any CPU
		{DADB853B-CA2C-4E7D-9C2B-056BE93C0CDE}.Release|Any CPU.Build.0 = Release|Any CPU
		{DADB853B-CA2C-4E7D-9C2B-056BE93C0CDE}.Release|ARM.ActiveCfg = Release|ARM
		{DADB853B-CA2C-4E7D-9C2B-056BE93C0CDE}.Release|ARM.Build.0 = Release|ARM
		{DADB853B-CA2C-4E7D-9C2B-056BE93C0CDE}.Release|x64.ActiveCfg = Release|x64
		{DADB853B-CA2C-4E7D-9C2B-056BE93C0CDE}.Release|x64.Build.0 = Release|x64
		{DADB853B-CA2C-4E7D-9C2B-056BE93C0CDE}.Release|x86.ActiveCfg = Release|x86
		{DADB853B-CA2C-4E7D-9C2B-056BE93C0CDE}.Release|x86.Build.0 = Release|x86
		{1711DC0D-DD6B-4111-9EA3-90BB913C5DEF}.Debug|Any CPU.ActiveCfg = Debug|Any CPU
		{1711DC0D-DD6B-4111-9EA3-90BB913C5DEF}.Debug|Any CPU.Build.0 = Debug|Any CPU
		{1711DC0D-DD6B-4111-9EA3-90BB913C5DEF}.Debug|ARM.ActiveCfg = Debug|ARM
		{1711DC0D-DD6B-4111-9EA3-90BB913C5DEF}.Debug|ARM.Build.0 = Debug|ARM
		{1711DC0D-DD6B-4111-9EA3-90BB913C5DEF}.Debug|x64.ActiveCfg = Debug|x64
		{1711DC0D-DD6B-4111-9EA3-90BB913C5DEF}.Debug|x64.Build.0 = Debug|x64
		{1711DC0D-DD6B-4111-9EA3-90BB913C5DEF}.Debug|x86.ActiveCfg = Debug|x86
		{1711DC0D-DD6B-4111-9EA3-90BB913C5DEF}.Debug|x86.Build.0 = Debug|x86
		{1711DC0D-DD6B-4111-9EA3-90BB913C5DEF}.Release|Any CPU.ActiveCfg = Release|Any CPU
		{1711DC0D-DD6B-4111-9EA3-90BB913C5DEF}.Release|Any CPU.Build.0 = Release|Any CPU
		{1711DC0D-DD6B-4111-9EA3-90BB913C5DEF}.Release|ARM.ActiveCfg = Release|ARM
		{1711DC0D-DD6B-4111-9EA3-90BB913C5DEF}.Release|ARM.Build.0 = Release|ARM
		{1711DC0D-DD6B-4111-9EA3-90BB913C5DEF}.Release|x64.ActiveCfg = Release|x64
		{1711DC0D-DD6B-4111-9EA3-90BB913C5DEF}.Release|x64.Build.0 = Release|x64
		{1711DC0D-DD6B-4111-9EA3-90BB913C5DEF}.Release|x86.ActiveCfg = Release|x86
		{1711DC0D-DD6B-4111-9EA3-90BB913C5DEF}.Release|x86.Build.0 = Release|x86
		{98ECB73F-A239-4073-8EE3-4F027FFD92C7}.Debug|Any CPU.ActiveCfg = Debug|Any CPU
		{98ECB73F-A239-4073-8EE3-4F027FFD92C7}.Debug|Any CPU.Build.0 = Debug|Any CPU
		{98ECB73F-A239-4073-8EE3-4F027FFD92C7}.Debug|ARM.ActiveCfg = Debug|ARM
		{98ECB73F-A239-4073-8EE3-4F027FFD92C7}.Debug|ARM.Build.0 = Debug|ARM
		{98ECB73F-A239-4073-8EE3-4F027FFD92C7}.Debug|x64.ActiveCfg = Debug|x64
		{98ECB73F-A239-4073-8EE3-4F027FFD92C7}.Debug|x64.Build.0 = Debug|x64
		{98ECB73F-A239-4073-8EE3-4F027FFD92C7}.Debug|x86.ActiveCfg = Debug|x86
		{98ECB73F-A239-4073-8EE3-4F027FFD92C7}.Debug|x86.Build.0 = Debug|x86
		{98ECB73F-A239-4073-8EE3-4F027FFD92C7}.Release|Any CPU.ActiveCfg = Release|Any CPU
		{98ECB73F-A239-4073-8EE3-4F027FFD92C7}.Release|Any CPU.Build.0 = Release|Any CPU
		{98ECB73F-A239-4073-8EE3-4F027FFD92C7}.Release|ARM.ActiveCfg = Release|ARM
		{98ECB73F-A239-4073-8EE3-4F027FFD92C7}.Release|ARM.Build.0 = Release|ARM
		{98ECB73F-A239-4073-8EE3-4F027FFD92C7}.Release|x64.ActiveCfg = Release|x64
		{98ECB73F-A239-4073-8EE3-4F027FFD92C7}.Release|x64.Build.0 = Release|x64
		{98ECB73F-A239-4073-8EE3-4F027FFD92C7}.Release|x86.ActiveCfg = Release|x86
		{98ECB73F-A239-4073-8EE3-4F027FFD92C7}.Release|x86.Build.0 = Release|x86
	EndGlobalSection
	GlobalSection(SolutionProperties) = preSolution
		HideSolutionNode = FALSE
	EndGlobalSection
EndGlobal
